PODS:
  - IGListKit (1.0.0)
  - SnapKit (3.0.2)

DEPENDENCIES:
  - IGListKit
  - SnapKit (~> 3.0.0)

SPEC CHECKSUMS:
  IGListKit: 3242c475fa77e2abf2d4de319703088008fbe9b9
  SnapKit: 2e456761aa92d4d4067a7a5594c18769d451a8ad

PODFILE CHECKSUM: 81289fb1ad704f179f38b8e15001a25b4b785a1c

COCOAPODS: 1.0.1
