// !$*UTF8*$!
{
	archiveVersion = 1;
	classes = {
	};
	objectVersion = 46;
	objects = {

/* Begin PBXBuildFile section */
		10B91A051DADB1B80047D5DA /* AppDelegate.swift in Sources */ = {isa = PBXBuildFile; fileRef = 10B91A041DADB1B80047D5DA /* AppDelegate.swift */; };
		10B91A071DADB1B80047D5DA /* ViewController.swift in Sources */ = {isa = PBXBuildFile; fileRef = 10B91A061DADB1B80047D5DA /* ViewController.swift */; };
		10B91A0A1DADB1B80047D5DA /* Main.storyboard in Resources */ = {isa = PBXBuildFile; fileRef = 10B91A081DADB1B80047D5DA /* Main.storyboard */; };
		10B91A0C1DADB1B80047D5DA /* Assets.xcassets in Resources */ = {isa = PBXBuildFile; fileRef = 10B91A0B1DADB1B80047D5DA /* Assets.xcassets */; };
		10B91A0F1DADB1B80047D5DA /* LaunchScreen.storyboard in Resources */ = {isa = PBXBuildFile; fileRef = 10B91A0D1DADB1B80047D5DA /* LaunchScreen.storyboard */; };
		10B91A1A1DADB1B80047D5DA /* SportsTests.swift in Sources */ = {isa = PBXBuildFile; fileRef = 10B91A191DADB1B80047D5DA /* SportsTests.swift */; };
		10B91A251DADB1B80047D5DA /* SportsUITests.swift in Sources */ = {isa = PBXBuildFile; fileRef = 10B91A241DADB1B80047D5DA /* SportsUITests.swift */; };
/* End PBXBuildFile section */

/* Begin PBXContainerItemProxy section */
		10B91A161DADB1B80047D5DA /* PBXContainerItemProxy */ = {
			isa = PBXContainerItemProxy;
			containerPortal = 10B919F91DADB1B80047D5DA /* Project object */;
			proxyType = 1;
			remoteGlobalIDString = 10B91A001DADB1B80047D5DA;
			remoteInfo = Sports;
		};
		10B91A211DADB1B80047D5DA /* PBXContainerItemProxy */ = {
			isa = PBXContainerItemProxy;
			containerPortal = 10B919F91DADB1B80047D5DA /* Project object */;
			proxyType = 1;
			remoteGlobalIDString = 10B91A001DADB1B80047D5DA;
			remoteInfo = Sports;
		};
/* End PBXContainerItemProxy section */

/* Begin PBXFileReference section */
		10B91A011DADB1B80047D5DA /* Sports.app */ = {isa = PBXFileReference; explicitFileType = wrapper.application; includeInIndex = 0; path = Sports.app; sourceTree = BUILT_PRODUCTS_DIR; };
		10B91A041DADB1B80047D5DA /* AppDelegate.swift */ = {isa = PBXFileReference; lastKnownFileType = sourcecode.swift; path = AppDelegate.swift; sourceTree = "<group>"; };
		10B91A061DADB1B80047D5DA /* ViewController.swift */ = {isa = PBXFileReference; lastKnownFileType = sourcecode.swift; path = ViewController.swift; sourceTree = "<group>"; };
		10B91A091DADB1B80047D5DA /* Base */ = {isa = PBXFileReference; lastKnownFileType = file.storyboard; name = Base; path = Base.lproj/Main.storyboard; sourceTree = "<group>"; };
		10B91A0B1DADB1B80047D5DA /* Assets.xcassets */ = {isa = PBXFileReference; lastKnownFileType = folder.assetcatalog; path = Assets.xcassets; sourceTree = "<group>"; };
		10B91A0E1DADB1B80047D5DA /* Base */ = {isa = PBXFileReference; lastKnownFileType = file.storyboard; name = Base; path = Base.lproj/LaunchScreen.storyboard; sourceTree = "<group>"; };
		10B91A101DADB1B80047D5DA /* Info.plist */ = {isa = PBXFileReference; lastKnownFileType = text.plist.xml; path = Info.plist; sourceTree = "<group>"; };
		10B91A151DADB1B80047D5DA /* SportsTests.xctest */ = {isa = PBXFileReference; explicitFileType = wrapper.cfbundle; includeInIndex = 0; path = SportsTests.xctest; sourceTree = BUILT_PRODUCTS_DIR; };
		10B91A191DADB1B80047D5DA /* SportsTests.swift */ = {isa = PBXFileReference; lastKnownFileType = sourcecode.swift; path = SportsTests.swift; sourceTree = "<group>"; };
		10B91A1B1DADB1B80047D5DA /* Info.plist */ = {isa = PBXFileReference; lastKnownFileType = text.plist.xml; path = Info.plist; sourceTree = "<group>"; };
		10B91A201DADB1B80047D5DA /* SportsUITests.xctest */ = {isa = PBXFileReference; explicitFileType = wrapper.cfbundle; includeInIndex = 0; path = SportsUITests.xctest; sourceTree = BUILT_PRODUCTS_DIR; };
		10B91A241DADB1B80047D5DA /* SportsUITests.swift */ = {isa = PBXFileReference; lastKnownFileType = sourcecode.swift; path = SportsUITests.swift; sourceTree = "<group>"; };
		10B91A261DADB1B80047D5DA /* Info.plist */ = {isa = PBXFileReference; lastKnownFileType = text.plist.xml; path = Info.plist; sourceTree = "<group>"; };
/* End PBXFileReference section */

/* Begin PBXFrameworksBuildPhase section */
		10B919FE1DADB1B80047D5DA /* Frameworks */ = {
			isa = PBXFrameworksBuildPhase;
			buildActionMask = 2147483647;
			files = (
			);
			runOnlyForDeploymentPostprocessing = 0;
		};
		10B91A121DADB1B80047D5DA /* Frameworks */ = {
			isa = PBXFrameworksBuildPhase;
			buildActionMask = 2147483647;
			files = (
			);
			runOnlyForDeploymentPostprocessing = 0;
		};
		10B91A1D1DADB1B80047D5DA /* Frameworks */ = {
			isa = PBXFrameworksBuildPhase;
			buildActionMask = 2147483647;
			files = (
			);
			runOnlyForDeploymentPostprocessing = 0;
		};
/* End PBXFrameworksBuildPhase section */

/* Begin PBXGroup section */
		10B919F81DADB1B80047D5DA = {
			isa = PBXGroup;
			children = (
				10B91A031DADB1B80047D5DA /* Sports */,
				10B91A181DADB1B80047D5DA /* SportsTests */,
				10B91A231DADB1B80047D5DA /* SportsUITests */,
				10B91A021DADB1B80047D5DA /* Products */,
			);
			sourceTree = "<group>";
		};
		10B91A021DADB1B80047D5DA /* Products */ = {
			isa = PBXGroup;
			children = (
				10B91A011DADB1B80047D5DA /* Sports.app */,
				10B91A151DADB1B80047D5DA /* SportsTests.xctest */,
				10B91A201DADB1B80047D5DA /* SportsUITests.xctest */,
			);
			name = Products;
			sourceTree = "<group>";
		};
		10B91A031DADB1B80047D5DA /* Sports */ = {
			isa = PBXGroup;
			children = (
				10B91A041DADB1B80047D5DA /* AppDelegate.swift */,
				10B91A061DADB1B80047D5DA /* ViewController.swift */,
				10B91A081DADB1B80047D5DA /* Main.storyboard */,
				10B91A0B1DADB1B80047D5DA /* Assets.xcassets */,
				10B91A0D1DADB1B80047D5DA /* LaunchScreen.storyboard */,
				10B91A101DADB1B80047D5DA /* Info.plist */,
			);
			path = Sports;
			sourceTree = "<group>";
		};
		10B91A181DADB1B80047D5DA /* SportsTests */ = {
			isa = PBXGroup;
			children = (
				10B91A191DADB1B80047D5DA /* SportsTests.swift */,
				10B91A1B1DADB1B80047D5DA /* Info.plist */,
			);
			path = SportsTests;
			sourceTree = "<group>";
		};
		10B91A231DADB1B80047D5DA /* SportsUITests */ = {
			isa = PBXGroup;
			children = (
				10B91A241DADB1B80047D5DA /* SportsUITests.swift */,
				10B91A261DADB1B80047D5DA /* Info.plist */,
			);
			path = SportsUITests;
			sourceTree = "<group>";
		};
/* End PBXGroup section */

/* Begin PBXNativeTarget section */
		10B91A001DADB1B80047D5DA /* Sports */ = {
			isa = PBXNativeTarget;
			buildConfigurationList = 10B91A291DADB1B80047D5DA /* Build configuration list for PBXNativeTarget "Sports" */;
			buildPhases = (
				10B919FD1DADB1B80047D5DA /* Sources */,
				10B919FE1DADB1B80047D5DA /* Frameworks */,
				10B919FF1DADB1B80047D5DA /* Resources */,
			);
			buildRules = (
			);
			dependencies = (
			);
			name = Sports;
			productName = Sports;
			productReference = 10B91A011DADB1B80047D5DA /* Sports.app */;
			productType = "com.apple.product-type.application";
		};
		10B91A141DADB1B80047D5DA /* SportsTests */ = {
			isa = PBXNativeTarget;
			buildConfigurationList = 10B91A2C1DADB1B80047D5DA /* Build configuration list for PBXNativeTarget "SportsTests" */;
			buildPhases = (
				10B91A111DADB1B80047D5DA /* Sources */,
				10B91A121DADB1B80047D5DA /* Frameworks */,
				10B91A131DADB1B80047D5DA /* Resources */,
			);
			buildRules = (
			);
			dependencies = (
				10B91A171DADB1B80047D5DA /* PBXTargetDependency */,
			);
			name = SportsTests;
			productName = SportsTests;
			productReference = 10B91A151DADB1B80047D5DA /* SportsTests.xctest */;
			productType = "com.apple.product-type.bundle.unit-test";
		};
		10B91A1F1DADB1B80047D5DA /* SportsUITests */ = {
			isa = PBXNativeTarget;
			buildConfigurationList = 10B91A2F1DADB1B80047D5DA /* Build configuration list for PBXNativeTarget "SportsUITests" */;
			buildPhases = (
				10B91A1C1DADB1B80047D5DA /* Sources */,
				10B91A1D1DADB1B80047D5DA /* Frameworks */,
				10B91A1E1DADB1B80047D5DA /* Resources */,
			);
			buildRules = (
			);
			dependencies = (
				10B91A221DADB1B80047D5DA /* PBXTargetDependency */,
			);
			name = SportsUITests;
			productName = SportsUITests;
			productReference = 10B91A201DADB1B80047D5DA /* SportsUITests.xctest */;
			productType = "com.apple.product-type.bundle.ui-testing";
		};
/* End PBXNativeTarget section */

/* Begin PBXProject section */
		10B919F91DADB1B80047D5DA /* Project object */ = {
			isa = PBXProject;
			attributes = {
				LastSwiftUpdateCheck = 0800;
				LastUpgradeCheck = 0800;
				ORGANIZATIONNAME = "Ty Schultz";
				TargetAttributes = {
					10B91A001DADB1B80047D5DA = {
						CreatedOnToolsVersion = 8.0;
						ProvisioningStyle = Automatic;
					};
					10B91A141DADB1B80047D5DA = {
						CreatedOnToolsVersion = 8.0;
						ProvisioningStyle = Automatic;
						TestTargetID = 10B91A001DADB1B80047D5DA;
					};
					10B91A1F1DADB1B80047D5DA = {
						CreatedOnToolsVersion = 8.0;
						ProvisioningStyle = Automatic;
						TestTargetID = 10B91A001DADB1B80047D5DA;
					};
				};
			};
			buildConfigurationList = 10B919FC1DADB1B80047D5DA /* Build configuration list for PBXProject "Sports" */;
			compatibilityVersion = "Xcode 3.2";
			developmentRegion = English;
			hasScannedForEncodings = 0;
			knownRegions = (
				en,
				Base,
			);
			mainGroup = 10B919F81DADB1B80047D5DA;
			productRefGroup = 10B91A021DADB1B80047D5DA /* Products */;
			projectDirPath = "";
			projectRoot = "";
			targets = (
				10B91A001DADB1B80047D5DA /* Sports */,
				10B91A141DADB1B80047D5DA /* SportsTests */,
				10B91A1F1DADB1B80047D5DA /* SportsUITests */,
			);
		};
/* End PBXProject section */

/* Begin PBXResourcesBuildPhase section */
		10B919FF1DADB1B80047D5DA /* Resources */ = {
			isa = PBXResourcesBuildPhase;
			buildActionMask = 2147483647;
			files = (
				10B91A0F1DADB1B80047D5DA /* LaunchScreen.storyboard in Resources */,
				10B91A0C1DADB1B80047D5DA /* Assets.xcassets in Resources */,
				10B91A0A1DADB1B80047D5DA /* Main.storyboard in Resources */,
			);
			runOnlyForDeploymentPostprocessing = 0;
		};
		10B91A131DADB1B80047D5DA /* Resources */ = {
			isa = PBXResourcesBuildPhase;
			buildActionMask = 2147483647;
			files = (
			);
			runOnlyForDeploymentPostprocessing = 0;
		};
		10B91A1E1DADB1B80047D5DA /* Resources */ = {
			isa = PBXResourcesBuildPhase;
			buildActionMask = 2147483647;
			files = (
			);
			runOnlyForDeploymentPostprocessing = 0;
		};
/* End PBXResourcesBuildPhase section */

/* Begin PBXSourcesBuildPhase section */
		10B919FD1DADB1B80047D5DA /* Sources */ = {
			isa = PBXSourcesBuildPhase;
			buildActionMask = 2147483647;
			files = (
				10B91A071DADB1B80047D5DA /* ViewController.swift in Sources */,
				10B91A051DADB1B80047D5DA /* AppDelegate.swift in Sources */,
			);
			runOnlyForDeploymentPostprocessing = 0;
		};
		10B91A111DADB1B80047D5DA /* Sources */ = {
			isa = PBXSourcesBuildPhase;
			buildActionMask = 2147483647;
			files = (
				10B91A1A1DADB1B80047D5DA /* SportsTests.swift in Sources */,
			);
			runOnlyForDeploymentPostprocessing = 0;
		};
		10B91A1C1DADB1B80047D5DA /* Sources */ = {
			isa = PBXSourcesBuildPhase;
			buildActionMask = 2147483647;
			files = (
				10B91A251DADB1B80047D5DA /* SportsUITests.swift in Sources */,
			);
			runOnlyForDeploymentPostprocessing = 0;
		};
/* End PBXSourcesBuildPhase section */

/* Begin PBXTargetDependency section */
		10B91A171DADB1B80047D5DA /* PBXTargetDependency */ = {
			isa = PBXTargetDependency;
			target = 10B91A001DADB1B80047D5DA /* Sports */;
			targetProxy = 10B91A161DADB1B80047D5DA /* PBXContainerItemProxy */;
		};
		10B91A221DADB1B80047D5DA /* PBXTargetDependency */ = {
			isa = PBXTargetDependency;
			target = 10B91A001DADB1B80047D5DA /* Sports */;
			targetProxy = 10B91A211DADB1B80047D5DA /* PBXContainerItemProxy */;
		};
/* End PBXTargetDependency section */

/* Begin PBXVariantGroup section */
		10B91A081DADB1B80047D5DA /* Main.storyboard */ = {
			isa = PBXVariantGroup;
			children = (
				10B91A091DADB1B80047D5DA /* Base */,
			);
			name = Main.storyboard;
			sourceTree = "<group>";
		};
		10B91A0D1DADB1B80047D5DA /* LaunchScreen.storyboard */ = {
			isa = PBXVariantGroup;
			children = (
				10B91A0E1DADB1B80047D5DA /* Base */,
			);
			name = LaunchScreen.storyboard;
			sourceTree = "<group>";
		};
/* End PBXVariantGroup section */

/* Begin XCBuildConfiguration section */
		10B91A271DADB1B80047D5DA /* Debug */ = {
			isa = XCBuildConfiguration;
			buildSettings = {
				ALWAYS_SEARCH_USER_PATHS = NO;
				CLANG_ANALYZER_NONNULL = YES;
				CLANG_CXX_LANGUAGE_STANDARD = "gnu++0x";
				CLANG_CXX_LIBRARY = "libc++";
				CLANG_ENABLE_MODULES = YES;
				CLANG_ENABLE_OBJC_ARC = YES;
				CLANG_WARN_BOOL_CONVERSION = YES;
				CLANG_WARN_CONSTANT_CONVERSION = YES;
				CLANG_WARN_DIRECT_OBJC_ISA_USAGE = YES_ERROR;
				CLANG_WARN_DOCUMENTATION_COMMENTS = YES;
				CLANG_WARN_EMPTY_BODY = YES;
				CLANG_WARN_ENUM_CONVERSION = YES;
				CLANG_WARN_INFINITE_RECURSION = YES;
				CLANG_WARN_INT_CONVERSION = YES;
				CLANG_WARN_OBJC_ROOT_CLASS = YES_ERROR;
				CLANG_WARN_SUSPICIOUS_MOVES = YES;
				CLANG_WARN_UNREACHABLE_CODE = YES;
				CLANG_WARN__DUPLICATE_METHOD_MATCH = YES;
				"CODE_SIGN_IDENTITY[sdk=iphoneos*]" = "iPhone Developer";
				COPY_PHASE_STRIP = NO;
				DEBUG_INFORMATION_FORMAT = dwarf;
				ENABLE_STRICT_OBJC_MSGSEND = YES;
				ENABLE_TESTABILITY = YES;
				GCC_C_LANGUAGE_STANDARD = gnu99;
				GCC_DYNAMIC_NO_PIC = NO;
				GCC_NO_COMMON_BLOCKS = YES;
				GCC_OPTIMIZATION_LEVEL = 0;
				GCC_PREPROCESSOR_DEFINITIONS = (
					"DEBUG=1",
					"$(inherited)",
				);
				GCC_WARN_64_TO_32_BIT_CONVERSION = YES;
				GCC_WARN_ABOUT_RETURN_TYPE = YES_ERROR;
				GCC_WARN_UNDECLARED_SELECTOR = YES;
				GCC_WARN_UNINITIALIZED_AUTOS = YES_AGGRESSIVE;
				GCC_WARN_UNUSED_FUNCTION = YES;
				GCC_WARN_UNUSED_VARIABLE = YES;
				IPHONEOS_DEPLOYMENT_TARGET = 10.0;
				MTL_ENABLE_DEBUG_INFO = YES;
				ONLY_ACTIVE_ARCH = YES;
				SDKROOT = iphoneos;
				SWIFT_ACTIVE_COMPILATION_CONDITIONS = DEBUG;
				SWIFT_OPTIMIZATION_LEVEL = "-Onone";
			};
			name = Debug;
		};
		10B91A281DADB1B80047D5DA /* Release */ = {
			isa = XCBuildConfiguration;
			buildSettings = {
				ALWAYS_SEARCH_USER_PATHS = NO;
				CLANG_ANALYZER_NONNULL = YES;
				CLANG_CXX_LANGUAGE_STANDARD = "gnu++0x";
				CLANG_CXX_LIBRARY = "libc++";
				CLANG_ENABLE_MODULES = YES;
				CLANG_ENABLE_OBJC_ARC = YES;
				CLANG_WARN_BOOL_CONVERSION = YES;
				CLANG_WARN_CONSTANT_CONVERSION = YES;
				CLANG_WARN_DIRECT_OBJC_ISA_USAGE = YES_ERROR;
				CLANG_WARN_DOCUMENTATION_COMMENTS = YES;
				CLANG_WARN_EMPTY_BODY = YES;
				CLANG_WARN_ENUM_CONVERSION = YES;
				CLANG_WARN_INFINITE_RECURSION = YES;
				CLANG_WARN_INT_CONVERSION = YES;
				CLANG_WARN_OBJC_ROOT_CLASS = YES_ERROR;
				CLANG_WARN_SUSPICIOUS_MOVES = YES;
				CLANG_WARN_UNREACHABLE_CODE = YES;
				CLANG_WARN__DUPLICATE_METHOD_MATCH = YES;
				"CODE_SIGN_IDENTITY[sdk=iphoneos*]" = "iPhone Developer";
				COPY_PHASE_STRIP = NO;
				DEBUG_INFORMATION_FORMAT = "dwarf-with-dsym";
				ENABLE_NS_ASSERTIONS = NO;
				ENABLE_STRICT_OBJC_MSGSEND = YES;
				GCC_C_LANGUAGE_STANDARD = gnu99;
				GCC_NO_COMMON_BLOCKS = YES;
				GCC_WARN_64_TO_32_BIT_CONVERSION = YES;
				GCC_WARN_ABOUT_RETURN_TYPE = YES_ERROR;
				GCC_WARN_UNDECLARED_SELECTOR = YES;
				GCC_WARN_UNINITIALIZED_AUTOS = YES_AGGRESSIVE;
				GCC_WARN_UNUSED_FUNCTION = YES;
				GCC_WARN_UNUSED_VARIABLE = YES;
				IPHONEOS_DEPLOYMENT_TARGET = 10.0;
				MTL_ENABLE_DEBUG_INFO = NO;
				SDKROOT = iphoneos;
				SWIFT_OPTIMIZATION_LEVEL = "-Owholemodule";
				VALIDATE_PRODUCT = YES;
			};
			name = Release;
		};
		10B91A2A1DADB1B80047D5DA /* Debug */ = {
			isa = XCBuildConfiguration;
			buildSettings = {
				ASSETCATALOG_COMPILER_APPICON_NAME = AppIcon;
				INFOPLIST_FILE = Sports/Info.plist;
				LD_RUNPATH_SEARCH_PATHS = "$(inherited) @executable_path/Frameworks";
				PRODUCT_BUNDLE_IDENTIFIER = com.tyschultz.Sports;
				PRODUCT_NAME = "$(TARGET_NAME)";
				SWIFT_VERSION = 3.0;
			};
			name = Debug;
		};
		10B91A2B1DADB1B80047D5DA /* Release */ = {
			isa = XCBuildConfiguration;
			buildSettings = {
				ASSETCATALOG_COMPILER_APPICON_NAME = AppIcon;
				INFOPLIST_FILE = Sports/Info.plist;
				LD_RUNPATH_SEARCH_PATHS = "$(inherited) @executable_path/Frameworks";
				PRODUCT_BUNDLE_IDENTIFIER = com.tyschultz.Sports;
				PRODUCT_NAME = "$(TARGET_NAME)";
				SWIFT_VERSION = 3.0;
			};
			name = Release;
		};
		10B91A2D1DADB1B80047D5DA /* Debug */ = {
			isa = XCBuildConfiguration;
			buildSettings = {
				ALWAYS_EMBED_SWIFT_STANDARD_LIBRARIES = YES;
				BUNDLE_LOADER = "$(TEST_HOST)";
				INFOPLIST_FILE = SportsTests/Info.plist;
				LD_RUNPATH_SEARCH_PATHS = "$(inherited) @executable_path/Frameworks @loader_path/Frameworks";
				PRODUCT_BUNDLE_IDENTIFIER = com.tyschultz.SportsTests;
				PRODUCT_NAME = "$(TARGET_NAME)";
				SWIFT_VERSION = 3.0;
				TEST_HOST = "$(BUILT_PRODUCTS_DIR)/Sports.app/Sports";
			};
			name = Debug;
		};
		10B91A2E1DADB1B80047D5DA /* Release */ = {
			isa = XCBuildConfiguration;
			buildSettings = {
				ALWAYS_EMBED_SWIFT_STANDARD_LIBRARIES = YES;
				BUNDLE_LOADER = "$(TEST_HOST)";
				INFOPLIST_FILE = SportsTests/Info.plist;
				LD_RUNPATH_SEARCH_PATHS = "$(inherited) @executable_path/Frameworks @loader_path/Frameworks";
				PRODUCT_BUNDLE_IDENTIFIER = com.tyschultz.SportsTests;
				PRODUCT_NAME = "$(TARGET_NAME)";
				SWIFT_VERSION = 3.0;
				TEST_HOST = "$(BUILT_PRODUCTS_DIR)/Sports.app/Sports";
			};
			name = Release;
		};
		10B91A301DADB1B80047D5DA /* Debug */ = {
			isa = XCBuildConfiguration;
			buildSettings = {
				ALWAYS_EMBED_SWIFT_STANDARD_LIBRARIES = YES;
				INFOPLIST_FILE = SportsUITests/Info.plist;
				LD_RUNPATH_SEARCH_PATHS = "$(inherited) @executable_path/Frameworks @loader_path/Frameworks";
				PRODUCT_BUNDLE_IDENTIFIER = com.tyschultz.SportsUITests;
				PRODUCT_NAME = "$(TARGET_NAME)";
				SWIFT_VERSION = 3.0;
				TEST_TARGET_NAME = Sports;
			};
			name = Debug;
		};
		10B91A311DADB1B80047D5DA /* Release */ = {
			isa = XCBuildConfiguration;
			buildSettings = {
				ALWAYS_EMBED_SWIFT_STANDARD_LIBRARIES = YES;
				INFOPLIST_FILE = SportsUITests/Info.plist;
				LD_RUNPATH_SEARCH_PATHS = "$(inherited) @executable_path/Frameworks @loader_path/Frameworks";
				PRODUCT_BUNDLE_IDENTIFIER = com.tyschultz.SportsUITests;
				PRODUCT_NAME = "$(TARGET_NAME)";
				SWIFT_VERSION = 3.0;
				TEST_TARGET_NAME = Sports;
			};
			name = Release;
		};
/* End XCBuildConfiguration section */

/* Begin XCConfigurationList section */
		10B919FC1DADB1B80047D5DA /* Build configuration list for PBXProject "Sports" */ = {
			isa = XCConfigurationList;
			buildConfigurations = (
				10B91A271DADB1B80047D5DA /* Debug */,
				10B91A281DADB1B80047D5DA /* Release */,
			);
			defaultConfigurationIsVisible = 0;
			defaultConfigurationName = Release;
		};
		10B91A291DADB1B80047D5DA /* Build configuration list for PBXNativeTarget "Sports" */ = {
			isa = XCConfigurationList;
			buildConfigurations = (
				10B91A2A1DADB1B80047D5DA /* Debug */,
				10B91A2B1DADB1B80047D5DA /* Release */,
			);
			defaultConfigurationIsVisible = 0;
		};
		10B91A2C1DADB1B80047D5DA /* Build configuration list for PBXNativeTarget "SportsTests" */ = {
			isa = XCConfigurationList;
			buildConfigurations = (
				10B91A2D1DADB1B80047D5DA /* Debug */,
				10B91A2E1DADB1B80047D5DA /* Release */,
			);
			defaultConfigurationIsVisible = 0;
		};
		10B91A2F1DADB1B80047D5DA /* Build configuration list for PBXNativeTarget "SportsUITests" */ = {
			isa = XCConfigurationList;
			buildConfigurations = (
				10B91A301DADB1B80047D5DA /* Debug */,
				10B91A311DADB1B80047D5DA /* Release */,
			);
			defaultConfigurationIsVisible = 0;
		};
/* End XCConfigurationList section */
	};
	rootObject = 10B919F91DADB1B80047D5DA /* Project object */;
}
